{
  "name": "meli",
  "version": "1.0.0",
  "lockfileVersion": 2,
  "requires": true,
  "packages": {
    "": {
      "name": "meli",
      "version": "1.0.0",
      "license": "ISC",
      "dependencies": {
        "ass-js": "^2.1.1"
      }
    },
    "node_modules/ass-js": {
      "version": "2.1.1",
      "resolved": "https://registry.npmjs.org/ass-js/-/ass-js-2.1.1.tgz",
      "integrity": "sha512-Z/k18npF4hA5Rg617xZab/zuLzJb30lTr4GQrJ8I0l11haWLMwkIjQSvq8J1HDLPDjA3iCh2AXhptwzYvhhzgg==",
      "dependencies": {
        "fast-extend": "^0.0.2"
      }
    },
    "node_modules/fast-extend": {
      "version": "0.0.2",
      "resolved": "https://registry.npmjs.org/fast-extend/-/fast-extend-0.0.2.tgz",
      "integrity": "sha512-s/GiJVqNlzrgcN1JhMIpBpvpU2uTMycixw0PdLT76q/pK/fPJ/jUxVhiqDlpNVCmnEZcfbNr9VU7dJ3YMI2xgw=="
    }
  },
  "dependencies": {
    "ass-js": {
      "version": "2.1.1",
      "resolved": "https://registry.npmjs.org/ass-js/-/ass-js-2.1.1.tgz",
      "integrity": "sha512-Z/k18npF4hA5Rg617xZab/zuLzJb30lTr4GQrJ8I0l11haWLMwkIjQSvq8J1HDLPDjA3iCh2AXhptwzYvhhzgg==",
      "requires": {
        "fast-extend": "^0.0.2"
      }
    },
    "fast-extend": {
      "version": "0.0.2",
      "resolved": "https://registry.npmjs.org/fast-extend/-/fast-extend-0.0.2.tgz",
      "integrity": "sha512-s/GiJVqNlzrgcN1JhMIpBpvpU2uTMycixw0PdLT76q/pK/fPJ/jUxVhiqDlpNVCmnEZcfbNr9VU7dJ3YMI2xgw=="
    }
  }
}
